# THIS IS AN AUTOGENERATED FILE. DO NOT EDIT THIS FILE DIRECTLY.
# yarn lockfile v1


elmegram.js@Elmegram/elmegram.js#e376f7ab6cc9b5ccbb40c32b38141776b4d0cae7:
  version "1.0.0"
  resolved "https://codeload.github.com/Elmegram/elmegram.js/tar.gz/e376f7ab6cc9b5ccbb40c32b38141776b4d0cae7"
  dependencies:
    node-fetch "^2.3.0"
    xhr2 "^0.1.4"

node-fetch@^2.3.0:
  version "2.3.0"
  resolved "https://registry.yarnpkg.com/node-fetch/-/node-fetch-2.3.0.tgz#1a1d940bbfb916a1d3e0219f037e89e71f8c5fa5"
  integrity sha512-MOd8pV3fxENbryESLgVIeaGKrdl+uaYhCSSVkjeOb/31/njTpcis5aWfdqgNlHIrKOLRbMnfPINPOML2CIFeXA==

xhr2@^0.1.4:
  version "0.1.4"
  resolved "https://registry.yarnpkg.com/xhr2/-/xhr2-0.1.4.tgz#7f87658847716db5026323812f818cadab387a5f"
  integrity sha1-f4dliEdxbbUCYyOBL4GMras4el8=
